
Microsoft Visual Studio Solution File, Format Version 12.00
# Visual Studio Version 17
VisualStudioVersion = 17.3.32825.248
MinimumVisualStudioVersion = 10.0.40219.1
Project("{FAE04EC0-301F-11D3-BF4B-00C04F79EFBC}") = "Anagrams", "Anagrams.csproj", "{DC4DA8BB-E034-4400-A72A-00CA20A9C806}"
EndProject
Global
	GlobalSection(SolutionConfigurationPlatforms) = preSolution
		Debug|Any CPU = Debug|Any CPU
		Release|Any CPU = Release|Any CPU
	EndGlobalSection
	GlobalSection(ProjectConfigurationPlatforms) = postSolution
		{DC4DA8BB-E034-4400-A72A-00CA20A9C806}.Debug|Any CPU.ActiveCfg = Debug|Any CPU
		{DC4DA8BB-E034-4400-A72A-00CA20A9C806}.Debug|Any CPU.Build.0 = Debug|Any CPU
		{DC4DA8BB-E034-4400-A72A-00CA20A9C806}.Release|Any CPU.ActiveCfg = Release|Any CPU
		{DC4DA8BB-E034-4400-A72A-00CA20A9C806}.Release|Any CPU.Build.0 = Release|Any CPU
	EndGlobalSection
	GlobalSection(SolutionProperties) = preSolution
		HideSolutionNode = FALSE
	EndGlobalSection
	GlobalSection(ExtensibilityGlobals) = postSolution
		SolutionGuid = {4736360B-4E50-4D3E-BC32-2B4A37A73217}
	EndGlobalSection
EndGlobal
